
Microsoft Visual Studio Solution File, Format Version 12.00
# Visual Studio Version 16
VisualStudioVersion = 16.0.29306.81
MinimumVisualStudioVersion = 10.0.40219.1
Project("{FAE04EC0-301F-11D3-BF4B-00C04F79EFBC}") = "ACAC", "ACAC\ACAC.csproj", "{F13A80D4-236A-4E5F-AB64-63A628DB28EE}"
EndProject
Global
	GlobalSection(SolutionConfigurationPlatforms) = preSolution
		Debug|Any CPU = Debug|Any CPU
		Release|Any CPU = Release|Any CPU
	EndGlobalSection
	GlobalSection(ProjectConfigurationPlatforms) = postSolution
		{F13A80D4-236A-4E5F-AB64-63A628DB28EE}.Debug|Any CPU.ActiveCfg = Debug|Any CPU
		{F13A80D4-236A-4E5F-AB64-63A628DB28EE}.Debug|Any CPU.Build.0 = Debug|Any CPU
		{F13A80D4-236A-4E5F-AB64-63A628DB28EE}.Release|Any CPU.ActiveCfg = Release|Any CPU
		{F13A80D4-236A-4E5F-AB64-63A628DB28EE}.Release|Any CPU.Build.0 = Release|Any CPU
	EndGlobalSection
	GlobalSection(SolutionProperties) = preSolution
		HideSolutionNode = FALSE
	EndGlobalSection
	GlobalSection(ExtensibilityGlobals) = postSolution
		SolutionGuid = {2DEE29CF-4297-49CF-BAAD-853956520C8E}
	EndGlobalSection
EndGlobal
