{
  "requires": true,
  "lockfileVersion": 1,
  "dependencies": {
    "@angular/material": {
      "version": "10.1.3",
      "resolved": "https://registry.npmjs.org/@angular/material/-/material-10.1.3.tgz",
      "integrity": "sha512-6ygbCVcejFydmZUlOcNreiWQTvL4kOrEp/M51DV70hqffTnxajCzaRe2MQhxisENB/bR8mtMvf8YY3Rsys/HCw==",
      "requires": {
        "tslib": "^2.0.0"
      }
    },
    "tslib": {
      "version": "2.0.1",
      "resolved": "https://registry.npmjs.org/tslib/-/tslib-2.0.1.tgz",
      "integrity": "sha512-SgIkNheinmEBgx1IUNirK0TUD4X9yjjBRTqqjggWCU3pUEqIk3/Uwl3yRixYKT6WjQuGiwDv4NomL3wqRCj+CQ=="
    }
  }
}
