{
  "requires": true,
  "lockfileVersion": 1,
  "dependencies": {
    "@material/feature-targeting": {
      "version": "9.0.0",
      "resolved": "https://registry.npmjs.org/@material/feature-targeting/-/feature-targeting-9.0.0.tgz",
      "integrity": "sha512-SKkvI46TxxpTau9fsXJWAXTJXbu6ut5n6wdN5ZX1DHHLY2AR7abBAhDIvNhIcxH65FK8mo7Z63UfvDwy177ttQ=="
    },
    "@material/image-list": {
      "version": "9.0.0",
      "resolved": "https://registry.npmjs.org/@material/image-list/-/image-list-9.0.0.tgz",
      "integrity": "sha512-BoRQQML0RI4sxqP1axjxCKrKiF4BaxaKdtY+lZK1rYKgSJyegmQcpzGG7BIYc3zgcesKFgCNS/RH+VFxvUjdYg==",
      "requires": {
        "@material/feature-targeting": "^9.0.0",
        "@material/shape": "^9.0.0",
        "@material/theme": "^9.0.0",
        "@material/typography": "^9.0.0"
      }
    },
    "@material/rtl": {
      "version": "9.0.0",
      "resolved": "https://registry.npmjs.org/@material/rtl/-/rtl-9.0.0.tgz",
      "integrity": "sha512-3Ey4UqEOhKlkmpUQqiXtQnWTgGpwjTPqmFqh7OEy/V5X/k5QqWAhz7LJRmzqDS69uyBibsdB3tFxAGAi1RrRbA==",
      "requires": {
        "@material/theme": "^9.0.0"
      }
    },
    "@material/shape": {
      "version": "9.0.0",
      "resolved": "https://registry.npmjs.org/@material/shape/-/shape-9.0.0.tgz",
      "integrity": "sha512-kcZIBnPk0IRy8LyEIGURXAmtDNQHyySmOjySmsCKQzgXnfUhyNsU2exylkCSfPgJT/AWaclaIIN6x+E5OplvPg==",
      "requires": {
        "@material/feature-targeting": "^9.0.0",
        "@material/rtl": "^9.0.0",
        "@material/theme": "^9.0.0"
      }
    },
    "@material/theme": {
      "version": "9.0.0",
      "resolved": "https://registry.npmjs.org/@material/theme/-/theme-9.0.0.tgz",
      "integrity": "sha512-3wpQ00Ho6lD3+aRXUkn1YGii7Hg5ukaOkGq5oLyp7bikS3FTbgX9V6pspRiFckR4CKCbGR5NayIuCt8JwbcFyw==",
      "requires": {
        "@material/feature-targeting": "^9.0.0"
      }
    },
    "@material/typography": {
      "version": "9.0.0",
      "resolved": "https://registry.npmjs.org/@material/typography/-/typography-9.0.0.tgz",
      "integrity": "sha512-+zyzGnV73d/RyG681L72hCnhd2fwwS9ErtEa3KESVJxVxKeuaaCpUJVDkOqg1C/e7tNX5n/GiU8KPwRPG2O9Jw==",
      "requires": {
        "@material/feature-targeting": "^9.0.0",
        "@material/theme": "^9.0.0"
      }
    }
  }
}
